{
  "name": "phoenix",
  "version": "3.1.1",
  "lockfileVersion": 2,
  "requires": true,
  "packages": {
    "": {
      "name": "phoenix",
      "version": "3.1.1",
      "license": "SEE LICENSE IN LICENSE",
      "dependencies": {
        "@materializecss/materialize": "^1.1.0-alpha"
      },
      "devDependencies": {
        "fs-extra": "^10.0.0",
        "synchronized-promise": "^0.3.1"
      }
    },
    "node_modules/@materializecss/materialize": {
      "version": "1.1.0-alpha",
      "resolved": "https://registry.npmjs.org/@materializecss/materialize/-/materialize-1.1.0-alpha.tgz",
      "integrity": "sha512-dOAcIAe4L7kGtZ8V5oSxUrwHOsPGxfRwefvRk/jRcPwtZfmLoiQtS37JO0p9PTdkCj+aQmqUOzHoRhaF3TxmAg=="
    },
    "node_modules/bindings": {
      "version": "1.5.0",
      "resolved": "https://registry.npmjs.org/bindings/-/bindings-1.5.0.tgz",
      "integrity": "sha512-p2q/t/mhvuOj/UeLlV6566GD/guowlr0hHxClI0W9m7MWYkL1F0hLo+0Aexs9HSPCtR1SXQ0TD3MMKrXZajbiQ==",
      "dev": true,
      "dependencies": {
        "file-uri-to-path": "1.0.0"
      }
    },
    "node_modules/deasync": {
      "version": "0.1.23",
      "resolved": "https://registry.npmjs.org/deasync/-/deasync-0.1.23.tgz",
      "integrity": "sha512-CGZSokFwidI50GOAmkz/7z3QdMzTQqAiUOzt95PuhKgi6VVztn9D03ZCzzi93uUWlp/v6A9osvNWpIvqHvKjTA==",
      "dev": true,
      "hasInstallScript": true,
      "dependencies": {
        "bindings": "^1.5.0",
        "node-addon-api": "^1.7.1"
      },
      "engines": {
        "node": ">=0.11.0"
      }
    },
    "node_modules/file-uri-to-path": {
      "version": "1.0.0",
      "resolved": "https://registry.npmjs.org/file-uri-to-path/-/file-uri-to-path-1.0.0.tgz",
      "integrity": "sha512-0Zt+s3L7Vf1biwWZ29aARiVYLx7iMGnEUl9x33fbB/j3jR81u/O2LbqK+Bm1CDSNDKVtJ/YjwY7TUd5SkeLQLw==",
      "dev": true
    },
    "node_modules/fs-extra": {
      "version": "10.0.0",
      "resolved": "https://registry.npmjs.org/fs-extra/-/fs-extra-10.0.0.tgz",
      "integrity": "sha512-C5owb14u9eJwizKGdchcDUQeFtlSHHthBk8pbX9Vc1PFZrLombudjDnNns88aYslCyF6IY5SUw3Roz6xShcEIQ==",
      "dev": true,
      "dependencies": {
        "graceful-fs": "^4.2.0",
        "jsonfile": "^6.0.1",
        "universalify": "^2.0.0"
      },
      "engines": {
        "node": ">=12"
      }
    },
    "node_modules/graceful-fs": {
      "version": "4.2.8",
      "resolved": "https://registry.npmjs.org/graceful-fs/-/graceful-fs-4.2.8.tgz",
      "integrity": "sha512-qkIilPUYcNhJpd33n0GBXTB1MMPp14TxEsEs0pTrsSVucApsYzW5V+Q8Qxhik6KU3evy+qkAAowTByymK0avdg==",
      "dev": true
    },
    "node_modules/jsonfile": {
      "version": "6.1.0",
      "resolved": "https://registry.npmjs.org/jsonfile/-/jsonfile-6.1.0.tgz",
      "integrity": "sha512-5dgndWOriYSm5cnYaJNhalLNDKOqFwyDB/rr1E9ZsGciGvKPs8R2xYGCacuf3z6K1YKDz182fd+fY3cn3pMqXQ==",
      "dev": true,
      "dependencies": {
        "universalify": "^2.0.0"
      },
      "optionalDependencies": {
        "graceful-fs": "^4.1.6"
      }
    },
    "node_modules/node-addon-api": {
      "version": "1.7.2",
      "resolved": "https://registry.npmjs.org/node-addon-api/-/node-addon-api-1.7.2.tgz",
      "integrity": "sha512-ibPK3iA+vaY1eEjESkQkM0BbCqFOaZMiXRTtdB0u7b4djtY6JnsjvPdUHVMg6xQt3B8fpTTWHI9A+ADjM9frzg==",
      "dev": true
    },
    "node_modules/synchronized-promise": {
      "version": "0.3.1",
      "resolved": "https://registry.npmjs.org/synchronized-promise/-/synchronized-promise-0.3.1.tgz",
      "integrity": "sha512-Iy+JzrERSUrwpOHUDku8HHIddk8V6iLG9bPIzboP2i5RYkn2eSmRB8waSaX7Rc/+DUUsnFsoOHrmniwOp9BOgw==",
      "dev": true,
      "dependencies": {
        "deasync": "^0.1.15"
      },
      "engines": {
        "node": ">=4.2.0"
      }
    },
    "node_modules/universalify": {
      "version": "2.0.0",
      "resolved": "https://registry.npmjs.org/universalify/-/universalify-2.0.0.tgz",
      "integrity": "sha512-hAZsKq7Yy11Zu1DE0OzWjw7nnLZmJZYTDZZyEFHZdUhV8FkH5MCfoU1XMaxXovpyW5nq5scPqq0ZDP9Zyl04oQ==",
      "dev": true,
      "engines": {
        "node": ">= 10.0.0"
      }
    }
  },
  "dependencies": {
    "@materializecss/materialize": {
      "version": "1.1.0-alpha",
      "resolved": "https://registry.npmjs.org/@materializecss/materialize/-/materialize-1.1.0-alpha.tgz",
      "integrity": "sha512-dOAcIAe4L7kGtZ8V5oSxUrwHOsPGxfRwefvRk/jRcPwtZfmLoiQtS37JO0p9PTdkCj+aQmqUOzHoRhaF3TxmAg=="
    },
    "bindings": {
      "version": "1.5.0",
      "resolved": "https://registry.npmjs.org/bindings/-/bindings-1.5.0.tgz",
      "integrity": "sha512-p2q/t/mhvuOj/UeLlV6566GD/guowlr0hHxClI0W9m7MWYkL1F0hLo+0Aexs9HSPCtR1SXQ0TD3MMKrXZajbiQ==",
      "dev": true,
      "requires": {
        "file-uri-to-path": "1.0.0"
      }
    },
    "deasync": {
      "version": "0.1.23",
      "resolved": "https://registry.npmjs.org/deasync/-/deasync-0.1.23.tgz",
      "integrity": "sha512-CGZSokFwidI50GOAmkz/7z3QdMzTQqAiUOzt95PuhKgi6VVztn9D03ZCzzi93uUWlp/v6A9osvNWpIvqHvKjTA==",
      "dev": true,
      "requires": {
        "bindings": "^1.5.0",
        "node-addon-api": "^1.7.1"
      }
    },
    "file-uri-to-path": {
      "version": "1.0.0",
      "resolved": "https://registry.npmjs.org/file-uri-to-path/-/file-uri-to-path-1.0.0.tgz",
      "integrity": "sha512-0Zt+s3L7Vf1biwWZ29aARiVYLx7iMGnEUl9x33fbB/j3jR81u/O2LbqK+Bm1CDSNDKVtJ/YjwY7TUd5SkeLQLw==",
      "dev": true
    },
    "fs-extra": {
      "version": "10.0.0",
      "resolved": "https://registry.npmjs.org/fs-extra/-/fs-extra-10.0.0.tgz",
      "integrity": "sha512-C5owb14u9eJwizKGdchcDUQeFtlSHHthBk8pbX9Vc1PFZrLombudjDnNns88aYslCyF6IY5SUw3Roz6xShcEIQ==",
      "dev": true,
      "requires": {
        "graceful-fs": "^4.2.0",
        "jsonfile": "^6.0.1",
        "universalify": "^2.0.0"
      }
    },
    "graceful-fs": {
      "version": "4.2.8",
      "resolved": "https://registry.npmjs.org/graceful-fs/-/graceful-fs-4.2.8.tgz",
      "integrity": "sha512-qkIilPUYcNhJpd33n0GBXTB1MMPp14TxEsEs0pTrsSVucApsYzW5V+Q8Qxhik6KU3evy+qkAAowTByymK0avdg==",
      "dev": true
    },
    "jsonfile": {
      "version": "6.1.0",
      "resolved": "https://registry.npmjs.org/jsonfile/-/jsonfile-6.1.0.tgz",
      "integrity": "sha512-5dgndWOriYSm5cnYaJNhalLNDKOqFwyDB/rr1E9ZsGciGvKPs8R2xYGCacuf3z6K1YKDz182fd+fY3cn3pMqXQ==",
      "dev": true,
      "requires": {
        "graceful-fs": "^4.1.6",
        "universalify": "^2.0.0"
      }
    },
    "node-addon-api": {
      "version": "1.7.2",
      "resolved": "https://registry.npmjs.org/node-addon-api/-/node-addon-api-1.7.2.tgz",
      "integrity": "sha512-ibPK3iA+vaY1eEjESkQkM0BbCqFOaZMiXRTtdB0u7b4djtY6JnsjvPdUHVMg6xQt3B8fpTTWHI9A+ADjM9frzg==",
      "dev": true
    },
    "synchronized-promise": {
      "version": "0.3.1",
      "resolved": "https://registry.npmjs.org/synchronized-promise/-/synchronized-promise-0.3.1.tgz",
      "integrity": "sha512-Iy+JzrERSUrwpOHUDku8HHIddk8V6iLG9bPIzboP2i5RYkn2eSmRB8waSaX7Rc/+DUUsnFsoOHrmniwOp9BOgw==",
      "dev": true,
      "requires": {
        "deasync": "^0.1.15"
      }
    },
    "universalify": {
      "version": "2.0.0",
      "resolved": "https://registry.npmjs.org/universalify/-/universalify-2.0.0.tgz",
      "integrity": "sha512-hAZsKq7Yy11Zu1DE0OzWjw7nnLZmJZYTDZZyEFHZdUhV8FkH5MCfoU1XMaxXovpyW5nq5scPqq0ZDP9Zyl04oQ==",
      "dev": true
    }
  }
}
