{
  "name": "phoenix",
  "version": "3.1.0",
  "lockfileVersion": 2,
  "requires": true,
  "packages": {
    "": {
      "name": "phoenix",
      "version": "3.1.0",
      "hasInstallScript": true,
      "license": "SEE LICENSE IN LICENSE",
      "dependencies": {
        "@materializecss/materialize": "^1.1.0-alpha"
      }
    },
    "node_modules/@materializecss/materialize": {
      "version": "1.1.0-alpha",
      "resolved": "https://registry.npmjs.org/@materializecss/materialize/-/materialize-1.1.0-alpha.tgz",
      "integrity": "sha512-dOAcIAe4L7kGtZ8V5oSxUrwHOsPGxfRwefvRk/jRcPwtZfmLoiQtS37JO0p9PTdkCj+aQmqUOzHoRhaF3TxmAg=="
    }
  },
  "dependencies": {
    "@materializecss/materialize": {
      "version": "1.1.0-alpha",
      "resolved": "https://registry.npmjs.org/@materializecss/materialize/-/materialize-1.1.0-alpha.tgz",
      "integrity": "sha512-dOAcIAe4L7kGtZ8V5oSxUrwHOsPGxfRwefvRk/jRcPwtZfmLoiQtS37JO0p9PTdkCj+aQmqUOzHoRhaF3TxmAg=="
    }
  }
}
